
Microsoft Visual Studio Solution File, Format Version 12.00
# Visual Studio 2013
VisualStudioVersion = 12.0.21005.1
MinimumVisualStudioVersion = 10.0.40219.1
Project("{FAE04EC0-301F-11D3-BF4B-00C04F79EFBC}") = "SFSReaderClass", "SFSReaderClass\SFSReaderClass.csproj", "{5D7F80B7-4FB9-49F5-9DEA-AB4D3741803C}"
EndProject
Project("{FAE04EC0-301F-11D3-BF4B-00C04F79EFBC}") = "SFSReaderClass-Sample", "SFSReaderClass-Sample\SFSReaderClass-Sample.csproj", "{BE250AC4-CFCA-4FD0-8272-42BC7815EA49}"
EndProject
Global
	GlobalSection(SolutionConfigurationPlatforms) = preSolution
		Debug|Any CPU = Debug|Any CPU
		Release|Any CPU = Release|Any CPU
	EndGlobalSection
	GlobalSection(ProjectConfigurationPlatforms) = postSolution
		{5D7F80B7-4FB9-49F5-9DEA-AB4D3741803C}.Debug|Any CPU.ActiveCfg = Debug|Any CPU
		{5D7F80B7-4FB9-49F5-9DEA-AB4D3741803C}.Debug|Any CPU.Build.0 = Debug|Any CPU
		{5D7F80B7-4FB9-49F5-9DEA-AB4D3741803C}.Release|Any CPU.ActiveCfg = Release|Any CPU
		{5D7F80B7-4FB9-49F5-9DEA-AB4D3741803C}.Release|Any CPU.Build.0 = Release|Any CPU
		{BE250AC4-CFCA-4FD0-8272-42BC7815EA49}.Debug|Any CPU.ActiveCfg = Debug|Any CPU
		{BE250AC4-CFCA-4FD0-8272-42BC7815EA49}.Debug|Any CPU.Build.0 = Debug|Any CPU
		{BE250AC4-CFCA-4FD0-8272-42BC7815EA49}.Release|Any CPU.ActiveCfg = Release|Any CPU
		{BE250AC4-CFCA-4FD0-8272-42BC7815EA49}.Release|Any CPU.Build.0 = Release|Any CPU
	EndGlobalSection
	GlobalSection(SolutionProperties) = preSolution
		HideSolutionNode = FALSE
	EndGlobalSection
EndGlobal
